{
  "name": "@astrojs/ts-plugin",
  "version": "1.10.4",
  "lockfileVersion": 3,
  "requires": true,
  "packages": {
    "": {
      "name": "@astrojs/ts-plugin",
      "version": "1.10.4",
      "license": "MIT",
      "dependencies": {
        "@astrojs/compiler": "^2.10.3",
        "@astrojs/yaml2ts": "^0.2.2",
        "@jridgewell/sourcemap-codec": "^1.4.15",
        "@volar/language-core": "~2.4.7",
        "@volar/typescript": "~2.4.7",
        "semver": "^7.3.8",
        "vscode-languageserver-textdocument": "^1.0.11"
      }
    },
    "node_modules/@astrojs/compiler": {
      "version": "2.10.3",
      "resolved": "https://registry.npmjs.org/@astrojs/compiler/-/compiler-2.10.3.tgz",
      "integrity": "sha512-bL/O7YBxsFt55YHU021oL+xz+B/9HvGNId3F9xURN16aeqDK9juHGktdkCSXz+U4nqFACq6ZFvWomOzhV+zfPw==",
      "license": "MIT"
    },
    "node_modules/@astrojs/yaml2ts": {
      "version": "0.2.2",
      "resolved": "https://registry.npmjs.org/@astrojs/yaml2ts/-/yaml2ts-0.2.2.tgz",
      "integrity": "sha512-GOfvSr5Nqy2z5XiwqTouBBpy5FyI6DEe+/g/Mk5am9SjILN1S5fOEvYK0GuWHg98yS/dobP4m8qyqw/URW35fQ==",
      "license": "MIT",
      "dependencies": {
        "yaml": "^2.5.0"
      }
    },
    "node_modules/@jridgewell/sourcemap-codec": {
      "version": "1.5.0",
      "resolved": "https://registry.npmjs.org/@jridgewell/sourcemap-codec/-/sourcemap-codec-1.5.0.tgz",
      "integrity": "sha512-gv3ZRaISU3fjPAgNsriBRqGWQL6quFx04YMPW/zD8XMLsU32mhCCbfbO6KZFLjvYpCZ8zyDEgqsgf+PwPaM7GQ==",
      "license": "MIT"
    },
    "node_modules/@volar/language-core": {
      "version": "2.4.10",
      "resolved": "https://registry.npmjs.org/@volar/language-core/-/language-core-2.4.10.tgz",
      "integrity": "sha512-hG3Z13+nJmGaT+fnQzAkS0hjJRa2FCeqZt6Bd+oGNhUkQ+mTFsDETg5rqUTxyzIh5pSOGY7FHCWUS8G82AzLCA==",
      "license": "MIT",
      "dependencies": {
        "@volar/source-map": "2.4.10"
      }
    },
    "node_modules/@volar/source-map": {
      "version": "2.4.10",
      "resolved": "https://registry.npmjs.org/@volar/source-map/-/source-map-2.4.10.tgz",
      "integrity": "sha512-OCV+b5ihV0RF3A7vEvNyHPi4G4kFa6ukPmyVocmqm5QzOd8r5yAtiNvaPEjl8dNvgC/lj4JPryeeHLdXd62rWA==",
      "license": "MIT"
    },
    "node_modules/@volar/typescript": {
      "version": "2.4.10",
      "resolved": "https://registry.npmjs.org/@volar/typescript/-/typescript-2.4.10.tgz",
      "integrity": "sha512-F8ZtBMhSXyYKuBfGpYwqA5rsONnOwAVvjyE7KPYJ7wgZqo2roASqNWUnianOomJX5u1cxeRooHV59N0PhvEOgw==",
      "license": "MIT",
      "dependencies": {
        "@volar/language-core": "2.4.10",
        "path-browserify": "^1.0.1",
        "vscode-uri": "^3.0.8"
      }
    },
    "node_modules/path-browserify": {
      "version": "1.0.1",
      "resolved": "https://registry.npmjs.org/path-browserify/-/path-browserify-1.0.1.tgz",
      "integrity": "sha512-b7uo2UCUOYZcnF/3ID0lulOJi/bafxa1xPe7ZPsammBSpjSWQkjNxlt635YGS2MiR9GjvuXCtz2emr3jbsz98g==",
      "license": "MIT"
    },
    "node_modules/semver": {
      "version": "7.6.3",
      "resolved": "https://registry.npmjs.org/semver/-/semver-7.6.3.tgz",
      "integrity": "sha512-oVekP1cKtI+CTDvHWYFUcMtsK/00wmAEfyqKfNdARm8u1wNVhSgaX7A8d4UuIlUI5e84iEwOhs7ZPYRmzU9U6A==",
      "license": "ISC",
      "bin": {
        "semver": "bin/semver.js"
      },
      "engines": {
        "node": ">=10"
      }
    },
    "node_modules/vscode-languageserver-textdocument": {
      "version": "1.0.12",
      "resolved": "https://registry.npmjs.org/vscode-languageserver-textdocument/-/vscode-languageserver-textdocument-1.0.12.tgz",
      "integrity": "sha512-cxWNPesCnQCcMPeenjKKsOCKQZ/L6Tv19DTRIGuLWe32lyzWhihGVJ/rcckZXJxfdKCFvRLS3fpBIsV/ZGX4zA==",
      "license": "MIT"
    },
    "node_modules/vscode-uri": {
      "version": "3.0.8",
      "resolved": "https://registry.npmjs.org/vscode-uri/-/vscode-uri-3.0.8.tgz",
      "integrity": "sha512-AyFQ0EVmsOZOlAnxoFOGOq1SQDWAB7C6aqMGS23svWAllfOaxbuFvcT8D1i8z3Gyn8fraVeZNNmN6e9bxxXkKw==",
      "license": "MIT"
    },
    "node_modules/yaml": {
      "version": "2.6.0",
      "resolved": "https://registry.npmjs.org/yaml/-/yaml-2.6.0.tgz",
      "integrity": "sha512-a6ae//JvKDEra2kdi1qzCyrJW/WZCgFi8ydDV+eXExl95t+5R+ijnqHJbz9tmMh8FUjx3iv2fCQ4dclAQlO2UQ==",
      "license": "ISC",
      "bin": {
        "yaml": "bin.mjs"
      },
      "engines": {
        "node": ">= 14"
      }
    }
  }
}
